<?xml version="1.0" encoding="utf-8"?>
<Project ToolsVersion="4.0" xmlns="http://schemas.microsoft.com/developer/msbuild/2003">
  <ItemGroup>
    <Filter Include="Source Files">
      <UniqueIdentifier>{4FC737F1-C7A5-4376-A066-2A32D752A2FF}</UniqueIdentifier>
      <Extensions>cpp;c;cc;cxx;c++;cppm;ixx;def;odl;idl;hpj;bat;asm;asmx</Extensions>
    </Filter>
    <Filter Include="Header Files">
      <UniqueIdentifier>{93995380-89BD-4b04-88EB-625FBE52EBFB}</UniqueIdentifier>
      <Extensions>h;hh;hpp;hxx;h++;hm;inl;inc;ipp;xsd</Extensions>
    </Filter>
    <Filter Include="Resource Files">
      <UniqueIdentifier>{67DA6AB6-F800-4c08-8B7A-83BB121AAD01}</UniqueIdentifier>
      <Extensions>rc;ico;cur;bmp;dlg;rc2;rct;bin;rgs;gif;jpg;jpeg;jpe;resx;tiff;tif;png;wav;mfcribbon-ms</Extensions>
    </Filter>
  </ItemGroup>
  <ItemGroup>
    <ClCompile Include="src\BDO_convert.cpp">
      <Filter>Source Files</Filter>
    </ClCompile>
    <ClCompile Include="src\BDO_diff.cpp">
      <Filter>Source Files</Filter>
    </ClCompile>
    <ClCompile Include="src\BDO_merge.cpp">
      <Filter>Source Files</Filter>
    </ClCompile>
    <ClCompile Include="src\BDO_phrase.cpp">
      <Filter>Source Files</Filter>
    </ClCompile>
    <ClCompile Include="src\program.cpp">
      <Filter>Source Files</Filter>
    </ClCompile>
    <ClCompile Include="src\UTF16Facet.cpp">
      <Filter>Source Files</Filter>
    </ClCompile>
    <ClCompile Include="BDOcrypt\BDO_decrypt.cpp">
      <Filter>Source Files</Filter>
    </ClCompile>
    <ClCompile Include="BDOcrypt\BDO_encrypt.cpp">
      <Filter>Source Files</Filter>
    </ClCompile>
    <ClCompile Include="src\BDO_match.cpp">
      <Filter>Source Files</Filter>
    </ClCompile>
    <ClCompile Include="src\BDO_replace.cpp">
      <Filter>Source Files</Filter>
    </ClCompile>
    <ClCompile Include="src\BDO_rename.cpp">
      <Filter>Source Files</Filter>
    </ClCompile>
    <ClCompile Include="src\BDO_remove.cpp">
      <Filter>Source Files</Filter>
    </ClCompile>
  </ItemGroup>
  <ItemGroup>
    <ClInclude Include="header\BDO_convert.h">
      <Filter>Header Files</Filter>
    </ClInclude>
    <ClInclude Include="header\BDO_decrypt.h">
      <Filter>Header Files</Filter>
    </ClInclude>
    <ClInclude Include="header\BDO_diff.h">
      <Filter>Header Files</Filter>
    </ClInclude>
    <ClInclude Include="header\BDO_encrypt.h">
      <Filter>Header Files</Filter>
    </ClInclude>
    <ClInclude Include="header\BDO_merge.h">
      <Filter>Header Files</Filter>
    </ClInclude>
    <ClInclude Include="header\BDO_phrase.h">
      <Filter>Header Files</Filter>
    </ClInclude>
    <ClInclude Include="header\benchmark.h">
      <Filter>Header Files</Filter>
    </ClInclude>
    <ClInclude Include="header\UTF16Facet.h">
      <Filter>Header Files</Filter>
    </ClInclude>
    <ClInclude Include="header\version.h">
      <Filter>Header Files</Filter>
    </ClInclude>
    <ClInclude Include="header\BDO_match.h">
      <Filter>Header Files</Filter>
    </ClInclude>
    <ClInclude Include="header\BDO_replace.h">
      <Filter>Header Files</Filter>
    </ClInclude>
    <ClInclude Include="header\BDO_rename.h">
      <Filter>Header Files</Filter>
    </ClInclude>
    <ClInclude Include="header\BDO_remove.h">
      <Filter>Header Files</Filter>
    </ClInclude>
  </ItemGroup>
</Project>